
Microsoft Visual Studio Solution File, Format Version 12.00
# Visual Studio Version 17
VisualStudioVersion = 17.9.34728.123
MinimumVisualStudioVersion = 10.0.40219.1
Project("{FAE04EC0-301F-11D3-BF4B-00C04F79EFBC}") = "Aula", "Aula.csproj", "{003B3D8C-3DE1-48AD-A04F-BB4A467D5A96}"
EndProject
Global
	GlobalSection(SolutionConfigurationPlatforms) = preSolution
		Debug|Any CPU = Debug|Any CPU
		Release|Any CPU = Release|Any CPU
	EndGlobalSection
	GlobalSection(ProjectConfigurationPlatforms) = postSolution
		{003B3D8C-3DE1-48AD-A04F-BB4A467D5A96}.Debug|Any CPU.ActiveCfg = Debug|Any CPU
		{003B3D8C-3DE1-48AD-A04F-BB4A467D5A96}.Debug|Any CPU.Build.0 = Debug|Any CPU
		{003B3D8C-3DE1-48AD-A04F-BB4A467D5A96}.Release|Any CPU.ActiveCfg = Release|Any CPU
		{003B3D8C-3DE1-48AD-A04F-BB4A467D5A96}.Release|Any CPU.Build.0 = Release|Any CPU
	EndGlobalSection
	GlobalSection(SolutionProperties) = preSolution
		HideSolutionNode = FALSE
	EndGlobalSection
	GlobalSection(ExtensibilityGlobals) = postSolution
		SolutionGuid = {5D7ECCBD-E9AB-4C3B-BC3C-C5444FA8978B}
	EndGlobalSection
EndGlobal
