
Microsoft Visual Studio Solution File, Format Version 12.00
# Visual Studio Version 17
VisualStudioVersion = 17.9.34902.65
MinimumVisualStudioVersion = 10.0.40219.1
Project("{FAE04EC0-301F-11D3-BF4B-00C04F79EFBC}") = "OperadoreComparativos", "OperadoreComparativos.csproj", "{16CD5184-3D17-4DFA-98E4-5EACDD5C021D}"
EndProject
Global
	GlobalSection(SolutionConfigurationPlatforms) = preSolution
		Debug|Any CPU = Debug|Any CPU
		Release|Any CPU = Release|Any CPU
	EndGlobalSection
	GlobalSection(ProjectConfigurationPlatforms) = postSolution
		{16CD5184-3D17-4DFA-98E4-5EACDD5C021D}.Debug|Any CPU.ActiveCfg = Debug|Any CPU
		{16CD5184-3D17-4DFA-98E4-5EACDD5C021D}.Debug|Any CPU.Build.0 = Debug|Any CPU
		{16CD5184-3D17-4DFA-98E4-5EACDD5C021D}.Release|Any CPU.ActiveCfg = Release|Any CPU
		{16CD5184-3D17-4DFA-98E4-5EACDD5C021D}.Release|Any CPU.Build.0 = Release|Any CPU
	EndGlobalSection
	GlobalSection(SolutionProperties) = preSolution
		HideSolutionNode = FALSE
	EndGlobalSection
	GlobalSection(ExtensibilityGlobals) = postSolution
		SolutionGuid = {939BE731-DFF0-476A-A3DB-229C8979E41B}
	EndGlobalSection
EndGlobal
